# @generated by Move, please check-in and do not edit manually.

[move]
version = 3
manifest_digest = "A5AA044D12F7FE100E39426FC24016ACD9D59F5895B694FA24B77AE4D1CFC169"
deps_digest = "F8BBB0CCB2491CA29A3DF03D6F92277A4F3574266507ACD77214D37ECA3F3082"
dependencies = [
  { id = "Sui", name = "Sui" },
]

[[move.package]]
id = "MoveStdlib"
source = { git = "https://github.com/MystenLabs/sui.git", rev = "framework/testnet", subdir = "crates/sui-framework/packages/move-stdlib" }

[[move.package]]
id = "Sui"
source = { git = "https://github.com/MystenLabs/sui.git", rev = "framework/testnet", subdir = "crates/sui-framework/packages/sui-framework" }

dependencies = [
  { id = "MoveStdlib", name = "MoveStdlib" },
]

[move.toolchain-version]
compiler-version = "1.43.1"
edition = "2024.beta"
flavor = "sui"

[env]

[env.testnet]
chain-id = "4c78adac"
original-published-id = "0xca950c0dbaf47c40a092509be0d0c769b41d11b75faa193f22abf7be29a1428e"
latest-published-id = "0xca950c0dbaf47c40a092509be0d0c769b41d11b75faa193f22abf7be29a1428e"
published-version = "1"
